# This file is automatically @generated by Poetry 1.6.1 and should not be changed by hand.

[[package]]
name = "colorama"
version = "0.4.6"
description = "Cross-platform colored terminal text."
optional = false
python-versions = "!=3.0.*,!=3.1.*,!=3.2.*,!=3.3.*,!=3.4.*,!=3.5.*,!=3.6.*,>=2.7"
files = [
    {file = "colorama-0.4.6-py2.py3-none-any.whl", hash = "sha256:4f1d9991f5acc0ca119f9d443620b77f9d6b33703e51011c16baf57afb285fc6"},
    {file = "colorama-0.4.6.tar.gz", hash = "sha256:08695f5cb7ed6e0531a20572697297273c47b8cae5a63ffc6d6ed5c201be6e44"},
]

[[package]]
name = "exceptiongroup"
version = "1.2.0"
description = "Backport of PEP 654 (exception groups)"
optional = false
python-versions = ">=3.7"
files = [
    {file = "exceptiongroup-1.2.0-py3-none-any.whl", hash = "sha256:4bfd3996ac73b41e9b9628b04e079f193850720ea5945fc96a08633c66912f14"},
    {file = "exceptiongroup-1.2.0.tar.gz", hash = "sha256:91f5c769735f051a4290d52edd0858999b57e5876e9f85937691bd4c9fa3ed68"},
]

[package.extras]
test = ["pytest (>=6)"]

[[package]]
name = "iniconfig"
version = "2.0.0"
description = "brain-dead simple config-ini parsing"
optional = false
python-versions = ">=3.7"
files = [
    {file = "iniconfig-2.0.0-py3-none-any.whl", hash = "sha256:b6a85871a79d2e3b22d2d1b94ac2824226a63c6b741c88f7ae975f18b6778374"},
    {file = "iniconfig-2.0.0.tar.gz", hash = "sha256:2d91e135bf72d31a410b17c16da610a82cb55f6b0477d1a902134b24a455b8b3"},
]

[[package]]
name = "jedi"
version = "0.19.1"
description = "An autocompletion tool for Python that can be used for text editors."
optional = false
python-versions = ">=3.6"
files = [
    {file = "jedi-0.19.1-py2.py3-none-any.whl", hash = "sha256:e983c654fe5c02867aef4cdfce5a2fbb4a50adc0af145f70504238f18ef5e7e0"},
    {file = "jedi-0.19.1.tar.gz", hash = "sha256:cf0496f3651bc65d7174ac1b7d043eff454892c708a87d1b683e57b569927ffd"},
]

[package.dependencies]
parso = ">=0.8.3,<0.9.0"

[package.extras]
docs = ["Jinja2 (==2.11.3)", "MarkupSafe (==1.1.1)", "Pygments (==2.8.1)", "alabaster (==0.7.12)", "babel (==2.9.1)", "chardet (==4.0.0)", "commonmark (==0.8.1)", "docutils (==0.17.1)", "future (==0.18.2)", "idna (==2.10)", "imagesize (==1.2.0)", "mock (==1.0.1)", "packaging (==20.9)", "pyparsing (==2.4.7)", "pytz (==2021.1)", "readthedocs-sphinx-ext (==2.1.4)", "recommonmark (==0.5.0)", "requests (==2.25.1)", "six (==1.15.0)", "snowballstemmer (==2.1.0)", "sphinx (==1.8.5)", "sphinx-rtd-theme (==0.4.3)", "sphinxcontrib-serializinghtml (==1.1.4)", "sphinxcontrib-websupport (==1.2.4)", "urllib3 (==1.26.4)"]
qa = ["flake8 (==5.0.4)", "mypy (==0.971)", "types-setuptools (==67.2.0.1)"]
testing = ["Django", "attrs", "colorama", "docopt", "pytest (<7.0.0)"]

[[package]]
name = "mock"
version = "5.1.0"
description = "Rolling backport of unittest.mock for all Pythons"
optional = false
python-versions = ">=3.6"
files = [
    {file = "mock-5.1.0-py3-none-any.whl", hash = "sha256:18c694e5ae8a208cdb3d2c20a993ca1a7b0efa258c247a1e565150f477f83744"},
    {file = "mock-5.1.0.tar.gz", hash = "sha256:5e96aad5ccda4718e0a229ed94b2024df75cc2d55575ba5762d31f5767b8767d"},
]

[package.extras]
build = ["blurb", "twine", "wheel"]
docs = ["sphinx"]
test = ["pytest", "pytest-cov"]

[[package]]
name = "packaging"
version = "23.2"
description = "Core utilities for Python packages"
optional = false
python-versions = ">=3.7"
files = [
    {file = "packaging-23.2-py3-none-any.whl", hash = "sha256:8c491190033a9af7e1d931d0b5dacc2ef47509b34dd0de67ed209b5203fc88c7"},
    {file = "packaging-23.2.tar.gz", hash = "sha256:048fb0e9405036518eaaf48a55953c750c11e1a1b68e0dd1a9d62ed0c092cfc5"},
]

[[package]]
name = "parso"
version = "0.8.3"
description = "A Python Parser"
optional = false
python-versions = ">=3.6"
files = [
    {file = "parso-0.8.3-py2.py3-none-any.whl", hash = "sha256:c001d4636cd3aecdaf33cbb40aebb59b094be2a74c556778ef5576c175e19e75"},
    {file = "parso-0.8.3.tar.gz", hash = "sha256:8c07be290bb59f03588915921e29e8a50002acaf2cdc5fa0e0114f91709fafa0"},
]

[package.extras]
qa = ["flake8 (==3.8.3)", "mypy (==0.782)"]
testing = ["docopt", "pytest (<6.0.0)"]

[[package]]
name = "pluggy"
version = "1.3.0"
description = "plugin and hook calling mechanisms for python"
optional = false
python-versions = ">=3.8"
files = [
    {file = "pluggy-1.3.0-py3-none-any.whl", hash = "sha256:d89c696a773f8bd377d18e5ecda92b7a3793cbe66c87060a6fb58c7b6e1061f7"},
    {file = "pluggy-1.3.0.tar.gz", hash = "sha256:cf61ae8f126ac6f7c451172cf30e3e43d3ca77615509771b3a984a0730651e12"},
]

[package.extras]
dev = ["pre-commit", "tox"]
testing = ["pytest", "pytest-benchmark"]

[[package]]
name = "pudb"
version = "2023.1"
description = "A full-screen, console-based Python debugger"
optional = false
python-versions = "~=3.8"
files = [
    {file = "pudb-2023.1.tar.gz", hash = "sha256:15df3c603aba87a918a666ef8e1bf63f764238cc3589db3c5b7a5f1b01ea2f03"},
]

[package.dependencies]
jedi = ">=0.18,<1"
packaging = ">=20.0"
pygments = ">=2.7.4"
urwid = ">=1.1.1"
urwid_readline = "*"

[package.extras]
completion = ["shtab"]

[[package]]
name = "pygments"
version = "2.17.2"
description = "Pygments is a syntax highlighting package written in Python."
optional = false
python-versions = ">=3.7"
files = [
    {file = "pygments-2.17.2-py3-none-any.whl", hash = "sha256:b27c2826c47d0f3219f29554824c30c5e8945175d888647acd804ddd04af846c"},
    {file = "pygments-2.17.2.tar.gz", hash = "sha256:da46cec9fd2de5be3a8a784f434e4c4ab670b4ff54d605c4c2717e9d49c4c367"},
]

[package.extras]
plugins = ["importlib-metadata"]
windows-terminal = ["colorama (>=0.4.6)"]

[[package]]
name = "pytest"
version = "7.4.3"
description = "pytest: simple powerful testing with Python"
optional = false
python-versions = ">=3.7"
files = [
    {file = "pytest-7.4.3-py3-none-any.whl", hash = "sha256:0d009c083ea859a71b76adf7c1d502e4bc170b80a8ef002da5806527b9591fac"},
    {file = "pytest-7.4.3.tar.gz", hash = "sha256:d989d136982de4e3b29dabcc838ad581c64e8ed52c11fbe86ddebd9da0818cd5"},
]

[package.dependencies]
colorama = {version = "*", markers = "sys_platform == \"win32\""}
exceptiongroup = {version = ">=1.0.0rc8", markers = "python_version < \"3.11\""}
iniconfig = "*"
packaging = "*"
pluggy = ">=0.12,<2.0"
tomli = {version = ">=1.0.0", markers = "python_version < \"3.11\""}

[package.extras]
testing = ["argcomplete", "attrs (>=19.2.0)", "hypothesis (>=3.56)", "mock", "nose", "pygments (>=2.7.2)", "requests", "setuptools", "xmlschema"]

[[package]]
name = "pytest-mock"
version = "3.12.0"
description = "Thin-wrapper around the mock package for easier use with pytest"
optional = false
python-versions = ">=3.8"
files = [
    {file = "pytest-mock-3.12.0.tar.gz", hash = "sha256:31a40f038c22cad32287bb43932054451ff5583ff094bca6f675df2f8bc1a6e9"},
    {file = "pytest_mock-3.12.0-py3-none-any.whl", hash = "sha256:0972719a7263072da3a21c7f4773069bcc7486027d7e8e1f81d98a47e701bc4f"},
]

[package.dependencies]
pytest = ">=5.0"

[package.extras]
dev = ["pre-commit", "pytest-asyncio", "tox"]

[[package]]
name = "tomli"
version = "2.0.1"
description = "A lil' TOML parser"
optional = false
python-versions = ">=3.7"
files = [
    {file = "tomli-2.0.1-py3-none-any.whl", hash = "sha256:939de3e7a6161af0c887ef91b7d41a53e7c5a1ca976325f429cb46ea9bc30ecc"},
    {file = "tomli-2.0.1.tar.gz", hash = "sha256:de526c12914f0c550d15924c62d72abc48d6fe7364aa87328337a31007fe8a4f"},
]

[[package]]
name = "urwid"
version = "2.2.3"
description = "A full-featured console (xterm et al.) user interface library"
optional = false
python-versions = ">=3.7.0"
files = [
    {file = "urwid-2.2.3-cp310-cp310-macosx_10_9_universal2.whl", hash = "sha256:7bbc35b54546975df692ab198a272eb459f883dc9b20a19d56eb19ff50838e9a"},
    {file = "urwid-2.2.3-cp310-cp310-macosx_10_9_x86_64.whl", hash = "sha256:64a3d49f5a8d083198a6bd80ea4c93f45ab1e0cc0735433217925b5df7c32c86"},
    {file = "urwid-2.2.3-cp310-cp310-macosx_11_0_arm64.whl", hash = "sha256:c1c9c088dc9aff393489c61edd35e3a16930f9b62da3c78e419fc0880aa1291f"},
    {file = "urwid-2.2.3-cp310-cp310-manylinux_2_17_aarch64.manylinux2014_aarch64.whl", hash = "sha256:746dfc58c745360705d004f75c8799fa6782ebb635666ad36f6e0e3e5fada8fe"},
    {file = "urwid-2.2.3-cp310-cp310-manylinux_2_5_i686.manylinux1_i686.manylinux_2_17_i686.manylinux2014_i686.whl", hash = "sha256:604facd127f7d9b535885291154144611fa0aad52f144e88e92e676e4fa09792"},
    {file = "urwid-2.2.3-cp310-cp310-manylinux_2_5_x86_64.manylinux1_x86_64.manylinux_2_17_x86_64.manylinux2014_x86_64.whl", hash = "sha256:4e241ea0cc3b9f62e74749a143118877cc04a49c00688acd0ecd97cfc907027b"},
    {file = "urwid-2.2.3-cp311-cp311-macosx_10_9_universal2.whl", hash = "sha256:0607961f0ce4a60fd4701138bcd198579caafdc020c11fff2db8c7d295786817"},
    {file = "urwid-2.2.3-cp311-cp311-macosx_10_9_x86_64.whl", hash = "sha256:b17dd1dd21926ca1dfbb7b0cfd43f18afe087fba2f488d29795d05a1fe763449"},
    {file = "urwid-2.2.3-cp311-cp311-macosx_11_0_arm64.whl", hash = "sha256:deb48828224cdc8a70269973ebe2830de5ab05d9837651af529418ec0de06355"},
    {file = "urwid-2.2.3-cp311-cp311-manylinux_2_17_aarch64.manylinux2014_aarch64.whl", hash = "sha256:7264f82f765339218297b09441d35f5bf90e3bb800a413b5116949729f91ba04"},
    {file = "urwid-2.2.3-cp311-cp311-manylinux_2_5_i686.manylinux1_i686.manylinux_2_17_i686.manylinux2014_i686.whl", hash = "sha256:1bbb1a2b8beecdaea4b2f6657efb6ca62c53e4156cfae156cb96bab90c738147"},
    {file = "urwid-2.2.3-cp311-cp311-manylinux_2_5_x86_64.manylinux1_x86_64.manylinux_2_17_x86_64.manylinux2014_x86_64.whl", hash = "sha256:cc1b894918813f170dff2a3f0127e972cfb7c6def3f1fb819a09d903d1383d15"},
    {file = "urwid-2.2.3-cp312-cp312-macosx_10_9_universal2.whl", hash = "sha256:b3aab4fedbb2fa1b7c0d8fb1c537285c16a46e6c72b54ca4423b779306662f7f"},
    {file = "urwid-2.2.3-cp312-cp312-macosx_10_9_x86_64.whl", hash = "sha256:8f73bb89aa79fd4604d24d59c3093adc6d472a22f604fad4df140b124ee9edcd"},
    {file = "urwid-2.2.3-cp312-cp312-macosx_11_0_arm64.whl", hash = "sha256:f7a9fb6d13595fa2f51a2c9927559c9d3706e1a788cbaf2d661631c65b5162bd"},
    {file = "urwid-2.2.3-cp312-cp312-manylinux_2_17_aarch64.manylinux2014_aarch64.whl", hash = "sha256:efcff1822c71d4f9980c75bbfd91f9b45739c629b0b881646f9fa9dcf8bac27c"},
    {file = "urwid-2.2.3-cp312-cp312-manylinux_2_5_i686.manylinux1_i686.manylinux_2_17_i686.manylinux2014_i686.whl", hash = "sha256:0719114584eeda539e4dd649e8e434a64d0a38ba9769fe4f80d1286e19850713"},
    {file = "urwid-2.2.3-cp312-cp312-manylinux_2_5_x86_64.manylinux1_x86_64.manylinux_2_17_x86_64.manylinux2014_x86_64.whl", hash = "sha256:5706994d3197124ffc57762e8d088b492b2e89f4d1b21cf51a9199d67355c4f3"},
    {file = "urwid-2.2.3-cp37-cp37m-macosx_10_9_x86_64.whl", hash = "sha256:b0f9f62a82df0cfb15e8a23ae1f6e6fa856c3415677d98724bc2b8a5702477d1"},
    {file = "urwid-2.2.3-cp37-cp37m-manylinux_2_17_aarch64.manylinux2014_aarch64.whl", hash = "sha256:36a856fd0cb38c05fda2ee785f395684ea4f682b1f830ccdab7d0784543f9d13"},
    {file = "urwid-2.2.3-cp37-cp37m-manylinux_2_5_i686.manylinux1_i686.manylinux_2_17_i686.manylinux2014_i686.whl", hash = "sha256:f55eb74095dcbeb0f53dc32b7d809d5c34792c7b9b372c3d24fe1ffaaef1863b"},
    {file = "urwid-2.2.3-cp37-cp37m-manylinux_2_5_x86_64.manylinux1_x86_64.manylinux_2_17_x86_64.manylinux2014_x86_64.whl", hash = "sha256:59dac9f19020f53a9400f8a0ba2b18b4389fd1deeab88c8319736fd108244d72"},
    {file = "urwid-2.2.3-cp38-cp38-macosx_10_9_universal2.whl", hash = "sha256:5a4ee4072e64b414075f32373fc5f63967a4686708ada3e8f8df52d4a2ada8a7"},
    {file = "urwid-2.2.3-cp38-cp38-macosx_10_9_x86_64.whl", hash = "sha256:bd036997b600c84b33c7bc49b98f029990f49a70d4b21d3399ae7aeba73f0c4e"},
    {file = "urwid-2.2.3-cp38-cp38-macosx_11_0_arm64.whl", hash = "sha256:c094b9d00aeb95496372bc27d5c3a2127546f2efc75cafcad019a99c4ab98d9b"},
    {file = "urwid-2.2.3-cp38-cp38-manylinux_2_17_aarch64.manylinux2014_aarch64.whl", hash = "sha256:42224c6aca61459b992c30b6740cbe9f4f0f420e8770a9345b7f3f09f19b2409"},
    {file = "urwid-2.2.3-cp38-cp38-manylinux_2_5_i686.manylinux1_i686.manylinux_2_17_i686.manylinux2014_i686.whl", hash = "sha256:efc234c8d74bf839896eeae9333be91e0fa832dee552f2c764e300080d06d2e2"},
    {file = "urwid-2.2.3-cp38-cp38-manylinux_2_5_x86_64.manylinux1_x86_64.manylinux_2_17_x86_64.manylinux2014_x86_64.whl", hash = "sha256:bf7819bd19ceaa9c1baa5bd50d304b5d4d759591e6a2a7edb1727d1a9f16782d"},
    {file = "urwid-2.2.3-cp39-cp39-macosx_10_9_universal2.whl", hash = "sha256:cd8c5f617807f2a8bb5750f851edd3305fb0417230c04b84f4782c51c58c19ea"},
    {file = "urwid-2.2.3-cp39-cp39-macosx_10_9_x86_64.whl", hash = "sha256:b50c7a06a620320b5c124fb3af7d339f7720fec29bf49d5486ec4115ec3df8ff"},
    {file = "urwid-2.2.3-cp39-cp39-macosx_11_0_arm64.whl", hash = "sha256:58950a17f3917b4a4a44e167d2ed1d59931f71a1be927c4d0204a035c51ebfd2"},
    {file = "urwid-2.2.3-cp39-cp39-manylinux_2_17_aarch64.manylinux2014_aarch64.whl", hash = "sha256:c4352f2a971c7b9dc236d5fce7c4492858441344ead85ce4b1cb1dd513098bbe"},
    {file = "urwid-2.2.3-cp39-cp39-manylinux_2_5_i686.manylinux1_i686.manylinux_2_17_i686.manylinux2014_i686.whl", hash = "sha256:80260cf2bd4be3eca611e978ee2926fc0338e9550702c77932efc80ca6b0b09d"},
    {file = "urwid-2.2.3-cp39-cp39-manylinux_2_5_x86_64.manylinux1_x86_64.manylinux_2_17_x86_64.manylinux2014_x86_64.whl", hash = "sha256:238ec0be47cbca99320f12864143638e4ebd1722a509f8037ff92ef66b0e9394"},
    {file = "urwid-2.2.3.tar.gz", hash = "sha256:e4516d55dcee6bd012b3e72a10c75f2866c63a740f0ec4e1ada05c1e1cc02e34"},
]

[package.extras]
glib = ["PyGObject"]
lcd = ["pyserial"]
serial = ["pyserial"]
tornado = ["tornado"]
trio = ["trio"]
twisted = ["twisted"]
zmq = ["zmq"]

[[package]]
name = "urwid-readline"
version = "0.13"
description = "A textbox edit widget for urwid that supports readline shortcuts"
optional = false
python-versions = "*"
files = [
    {file = "urwid_readline-0.13.tar.gz", hash = "sha256:018020cbc864bb5ed87be17dc26b069eae2755cb29f3a9c569aac3bded1efaf4"},
]

[package.dependencies]
urwid = "*"

[package.extras]
dev = ["black", "pytest"]

[metadata]
lock-version = "2.0"
python-versions = "^3.8"
content-hash = "2229d95a3dc20f99d7474c8cf0fb3ea8ec19d022a0f1e872beaaee3f715acc54"
